
Microsoft Visual Studio Solution File, Format Version 12.00
# Visual Studio Version 16
VisualStudioVersion = 16.0.29418.71
MinimumVisualStudioVersion = 10.0.40219.1
Project("{FAE04EC0-301F-11D3-BF4B-00C04F79EFBC}") = "TestAutomation", "TestAutomation\TestAutomation.csproj", "{ACF8350E-3E9B-46DA-AD90-9069AA202B22}"
EndProject
Project("{FAE04EC0-301F-11D3-BF4B-00C04F79EFBC}") = "TestAutomation.Framework", "TestAutomation.Framework\TestAutomation.Framework.csproj", "{C8D606CA-39EC-48FB-8700-26AB73A9E83B}"
EndProject
Project("{FAE04EC0-301F-11D3-BF4B-00C04F79EFBC}") = "TestAutomation.Bindings", "TestAutomation.Bindings\TestAutomation.Bindings.csproj", "{EAE2365D-F699-438E-8681-8155008AAEFB}"
EndProject
Project("{FAE04EC0-301F-11D3-BF4B-00C04F79EFBC}") = "TestAutomation.PageObjects", "TestAutomation.PageObjects\TestAutomation.PageObjects.csproj", "{39212C7C-53AB-4D12-83D6-7329D559C29E}"
EndProject
Global
	GlobalSection(SolutionConfigurationPlatforms) = preSolution
		Debug|Any CPU = Debug|Any CPU
		Release|Any CPU = Release|Any CPU
	EndGlobalSection
	GlobalSection(ProjectConfigurationPlatforms) = postSolution
		{ACF8350E-3E9B-46DA-AD90-9069AA202B22}.Debug|Any CPU.ActiveCfg = Debug|Any CPU
		{ACF8350E-3E9B-46DA-AD90-9069AA202B22}.Debug|Any CPU.Build.0 = Debug|Any CPU
		{ACF8350E-3E9B-46DA-AD90-9069AA202B22}.Release|Any CPU.ActiveCfg = Release|Any CPU
		{ACF8350E-3E9B-46DA-AD90-9069AA202B22}.Release|Any CPU.Build.0 = Release|Any CPU
		{C8D606CA-39EC-48FB-8700-26AB73A9E83B}.Debug|Any CPU.ActiveCfg = Debug|Any CPU
		{C8D606CA-39EC-48FB-8700-26AB73A9E83B}.Debug|Any CPU.Build.0 = Debug|Any CPU
		{C8D606CA-39EC-48FB-8700-26AB73A9E83B}.Release|Any CPU.ActiveCfg = Release|Any CPU
		{C8D606CA-39EC-48FB-8700-26AB73A9E83B}.Release|Any CPU.Build.0 = Release|Any CPU
		{EAE2365D-F699-438E-8681-8155008AAEFB}.Debug|Any CPU.ActiveCfg = Debug|Any CPU
		{EAE2365D-F699-438E-8681-8155008AAEFB}.Debug|Any CPU.Build.0 = Debug|Any CPU
		{EAE2365D-F699-438E-8681-8155008AAEFB}.Release|Any CPU.ActiveCfg = Release|Any CPU
		{EAE2365D-F699-438E-8681-8155008AAEFB}.Release|Any CPU.Build.0 = Release|Any CPU
		{39212C7C-53AB-4D12-83D6-7329D559C29E}.Debug|Any CPU.ActiveCfg = Debug|Any CPU
		{39212C7C-53AB-4D12-83D6-7329D559C29E}.Debug|Any CPU.Build.0 = Debug|Any CPU
		{39212C7C-53AB-4D12-83D6-7329D559C29E}.Release|Any CPU.ActiveCfg = Release|Any CPU
		{39212C7C-53AB-4D12-83D6-7329D559C29E}.Release|Any CPU.Build.0 = Release|Any CPU
	EndGlobalSection
	GlobalSection(SolutionProperties) = preSolution
		HideSolutionNode = FALSE
	EndGlobalSection
	GlobalSection(ExtensibilityGlobals) = postSolution
		SolutionGuid = {34B4E483-5D6D-4D7A-83FF-25A6D6063E07}
	EndGlobalSection
EndGlobal
